
Microsoft Visual Studio Solution File, Format Version 12.00
# Visual Studio Version 16
VisualStudioVersion = 16.0.32126.315
MinimumVisualStudioVersion = 10.0.40219.1
Project("{FAE04EC0-301F-11D3-BF4B-00C04F79EFBC}") = "wed410928343", "wed410928343\wed410928343.csproj", "{171D95F6-FE8D-448E-A48D-FE4016647B23}"
EndProject
Global
	GlobalSection(SolutionConfigurationPlatforms) = preSolution
		Debug|Any CPU = Debug|Any CPU
		Release|Any CPU = Release|Any CPU
	EndGlobalSection
	GlobalSection(ProjectConfigurationPlatforms) = postSolution
		{171D95F6-FE8D-448E-A48D-FE4016647B23}.Debug|Any CPU.ActiveCfg = Debug|Any CPU
		{171D95F6-FE8D-448E-A48D-FE4016647B23}.Debug|Any CPU.Build.0 = Debug|Any CPU
		{171D95F6-FE8D-448E-A48D-FE4016647B23}.Release|Any CPU.ActiveCfg = Release|Any CPU
		{171D95F6-FE8D-448E-A48D-FE4016647B23}.Release|Any CPU.Build.0 = Release|Any CPU
	EndGlobalSection
	GlobalSection(SolutionProperties) = preSolution
		HideSolutionNode = FALSE
	EndGlobalSection
	GlobalSection(ExtensibilityGlobals) = postSolution
		SolutionGuid = {ADC5F631-2E7D-4C95-BD7D-9142EF58D49E}
	EndGlobalSection
EndGlobal
